
Microsoft Visual Studio Solution File, Format Version 12.00
# Visual Studio Version 17
VisualStudioVersion = 17.1.32328.378
MinimumVisualStudioVersion = 10.0.40219.1
Project("{FAE04EC0-301F-11D3-BF4B-00C04F79EFBC}") = "TanksAPI", "TanksAPI.csproj", "{FF9D3794-9E99-4951-95E3-4C2983F2D6D0}"
EndProject
Global
	GlobalSection(SolutionConfigurationPlatforms) = preSolution
		Debug|Any CPU = Debug|Any CPU
		Release|Any CPU = Release|Any CPU
	EndGlobalSection
	GlobalSection(ProjectConfigurationPlatforms) = postSolution
		{FF9D3794-9E99-4951-95E3-4C2983F2D6D0}.Debug|Any CPU.ActiveCfg = Debug|Any CPU
		{FF9D3794-9E99-4951-95E3-4C2983F2D6D0}.Debug|Any CPU.Build.0 = Debug|Any CPU
		{FF9D3794-9E99-4951-95E3-4C2983F2D6D0}.Release|Any CPU.ActiveCfg = Release|Any CPU
		{FF9D3794-9E99-4951-95E3-4C2983F2D6D0}.Release|Any CPU.Build.0 = Release|Any CPU
	EndGlobalSection
	GlobalSection(SolutionProperties) = preSolution
		HideSolutionNode = FALSE
	EndGlobalSection
	GlobalSection(ExtensibilityGlobals) = postSolution
		SolutionGuid = {BC8D0FF1-3528-4BB9-BDB4-5C5584D03E68}
	EndGlobalSection
EndGlobal
